
Microsoft Visual Studio Solution File, Format Version 12.00
# Visual Studio Version 17
VisualStudioVersion = 17.6.33723.286
MinimumVisualStudioVersion = 10.0.40219.1
Project("{9A19103F-16F7-4668-BE54-9A1E7A4F7556}") = "MZ.Utils.ViewModel", "MZ.Utils.ViewModel\MZ.Utils.ViewModel.csproj", "{D5967A4E-9999-404C-9E69-C60366B0D8A4}"
EndProject
Project("{9A19103F-16F7-4668-BE54-9A1E7A4F7556}") = "MZ.Utils.MauiSpecific", "MZ.Utils.MauiSpecific\MZ.Utils.MauiSpecific.csproj", "{BC626530-DC38-41E4-9D78-7D9B183E0BAE}"
EndProject
Global
	GlobalSection(SolutionConfigurationPlatforms) = preSolution
		Debug|Any CPU = Debug|Any CPU
		Release|Any CPU = Release|Any CPU
	EndGlobalSection
	GlobalSection(ProjectConfigurationPlatforms) = postSolution
		{D5967A4E-9999-404C-9E69-C60366B0D8A4}.Debug|Any CPU.ActiveCfg = Debug|Any CPU
		{D5967A4E-9999-404C-9E69-C60366B0D8A4}.Debug|Any CPU.Build.0 = Debug|Any CPU
		{D5967A4E-9999-404C-9E69-C60366B0D8A4}.Release|Any CPU.ActiveCfg = Release|Any CPU
		{D5967A4E-9999-404C-9E69-C60366B0D8A4}.Release|Any CPU.Build.0 = Release|Any CPU
		{BC626530-DC38-41E4-9D78-7D9B183E0BAE}.Debug|Any CPU.ActiveCfg = Debug|Any CPU
		{BC626530-DC38-41E4-9D78-7D9B183E0BAE}.Debug|Any CPU.Build.0 = Debug|Any CPU
		{BC626530-DC38-41E4-9D78-7D9B183E0BAE}.Release|Any CPU.ActiveCfg = Release|Any CPU
		{BC626530-DC38-41E4-9D78-7D9B183E0BAE}.Release|Any CPU.Build.0 = Release|Any CPU
	EndGlobalSection
	GlobalSection(SolutionProperties) = preSolution
		HideSolutionNode = FALSE
	EndGlobalSection
	GlobalSection(ExtensibilityGlobals) = postSolution
		SolutionGuid = {D269EB62-B692-42A0-A825-5C5061A21830}
	EndGlobalSection
EndGlobal
